PODS:
  - IRLSize (0.1.1):
    - SDiPhoneVersion (~> 1.1)
  - Kiwi (2.3.1)
  - SDiPhoneVersion (1.1.1)

DEPENDENCIES:
  - IRLSize (from `../`)
  - IRLSize (from `../IRLSize.podspec`)
  - Kiwi

EXTERNAL SOURCES:
  IRLSize:
    :path: ../

SPEC CHECKSUMS:
  IRLSize: 7531a9f5f6a6abee2d4843053b97b4826bfa2c1f
  Kiwi: 73e1400209055ee9c8ba78c6012b6b642d0fb9f7
  SDiPhoneVersion: 21958fa669603b61a4052c459a365259380c394c

COCOAPODS: 0.34.4
