PODS:
  - IRLSize (1.1.2):
    - SDVersion (~> 4.1.0)
  - Kiwi (2.4.0)
  - SDVersion (4.1)

DEPENDENCIES:
  - IRLSize (from `..`)
  - Kiwi

EXTERNAL SOURCES:
  IRLSize:
    :path: ".."

SPEC CHECKSUMS:
  IRLSize: a8447f6ff05f4c16dbe818f02f08e9484e24e48a
  Kiwi: f49c9d54b28917df5928fe44968a39ed198cb8a8
  SDVersion: 6fb2b3b12e8c1b5dbceefa3da4613b2c245a0afd

PODFILE CHECKSUM: 24be737e1d2c08b86ebee103a00184355b769706

COCOAPODS: 1.2.1
