PODS:
  - IRLSize (1.0.0):
    - SDVersion (~> 3.1)
  - Kiwi (2.4.0)
  - SDVersion (3.1)

DEPENDENCIES:
  - IRLSize (from `..`)
  - Kiwi

EXTERNAL SOURCES:
  IRLSize:
    :path: ".."

SPEC CHECKSUMS:
  IRLSize: c6ba1a8f4d7b6e6df374d8fc3514d2cd28aa6583
  Kiwi: f49c9d54b28917df5928fe44968a39ed198cb8a8
  SDVersion: 1eb1509995f353302094612ea3a77df289157687

PODFILE CHECKSUM: 24be737e1d2c08b86ebee103a00184355b769706

COCOAPODS: 1.0.1
